// !$*UTF8*$!
{
	archiveVersion = 1;
	classes = {
	};
	objectVersion = 56;
	objects = {

/* Begin PBXBuildFile section */
		5D300C052A387A7500CCD799 /* JazzServices.xcframework in Frameworks */ = {isa = PBXBuildFile; fileRef = 5D300BF22A387A6F00CCD799 /* JazzServices.xcframework */; };
		5D300C072A387A7500CCD799 /* JazzBase.xcframework in Frameworks */ = {isa = PBXBuildFile; fileRef = 5D300BF42A387A7000CCD799 /* JazzBase.xcframework */; };
		5D300C082A387A7500CCD799 /* Swing.xcframework in Frameworks */ = {isa = PBXBuildFile; fileRef = 5D300BF52A387A7000CCD799 /* Swing.xcframework */; };
		5D300C092A387A7500CCD799 /* SaluteDesignSystem.xcframework in Frameworks */ = {isa = PBXBuildFile; fileRef = 5D300BF62A387A7000CCD799 /* SaluteDesignSystem.xcframework */; };
		5D300C0B2A387A7600CCD799 /* JazzSDK.xcframework in Frameworks */ = {isa = PBXBuildFile; fileRef = 5D300BF82A387A7100CCD799 /* JazzSDK.xcframework */; };
		5D300C0C2A387A7600CCD799 /* SDNavigation.xcframework in Frameworks */ = {isa = PBXBuildFile; fileRef = 5D300BF92A387A7100CCD799 /* SDNavigation.xcframework */; };
		5D300C0D2A387A7600CCD799 /* DevicesCore.xcframework in Frameworks */ = {isa = PBXBuildFile; fileRef = 5D300BFA2A387A7200CCD799 /* DevicesCore.xcframework */; };
		5D300C0E2A387A7600CCD799 /* JazzAPI.xcframework in Frameworks */ = {isa = PBXBuildFile; fileRef = 5D300BFB2A387A7200CCD799 /* JazzAPI.xcframework */; };
		5D300C0F2A387A7700CCD799 /* JazzScreenShareImpl.xcframework in Frameworks */ = {isa = PBXBuildFile; fileRef = 5D300BFC2A387A7200CCD799 /* JazzScreenShareImpl.xcframework */; };
		5D300C102A387A7700CCD799 /* CompanionCore.xcframework in Frameworks */ = {isa = PBXBuildFile; fileRef = 5D300BFD2A387A7300CCD799 /* CompanionCore.xcframework */; };
		5D300C112A387A7700CCD799 /* JazzImpl.xcframework in Frameworks */ = {isa = PBXBuildFile; fileRef = 5D300BFE2A387A7300CCD799 /* JazzImpl.xcframework */; };
		5D300C122A387A7700CCD799 /* JazzSDKScreenShare.xcframework in Frameworks */ = {isa = PBXBuildFile; fileRef = 5D300BFF2A387A7300CCD799 /* JazzSDKScreenShare.xcframework */; };
		5D300C142A387A7800CCD799 /* DevicesDesignSystem.xcframework in Frameworks */ = {isa = PBXBuildFile; fileRef = 5D300C012A387A7400CCD799 /* DevicesDesignSystem.xcframework */; };
		5D300C152A387A7800CCD799 /* DevicesUI.xcframework in Frameworks */ = {isa = PBXBuildFile; fileRef = 5D300C022A387A7400CCD799 /* DevicesUI.xcframework */; };
		5D300C162A387A7900CCD799 /* JazzStrings.xcframework in Frameworks */ = {isa = PBXBuildFile; fileRef = 5D300C032A387A7500CCD799 /* JazzStrings.xcframework */; };
		5D300C182A387A8D00CCD799 /* JazzResources.bundle in Resources */ = {isa = PBXBuildFile; fileRef = 5D300C172A387A8D00CCD799 /* JazzResources.bundle */; };
		5D300C1A2A387A9D00CCD799 /* DevicesDesignSystemResources.bundle in Resources */ = {isa = PBXBuildFile; fileRef = 5D300C192A387A9D00CCD799 /* DevicesDesignSystemResources.bundle */; };
		5D300EEE2A3880A300CCD799 /* WebRTC.xcframework in Frameworks */ = {isa = PBXBuildFile; fileRef = 5D300BF32A387A6F00CCD799 /* WebRTC.xcframework */; };
		5D300EEF2A3880A400CCD799 /* WebRTC.xcframework in Embed Frameworks */ = {isa = PBXBuildFile; fileRef = 5D300BF32A387A6F00CCD799 /* WebRTC.xcframework */; settings = {ATTRIBUTES = (CodeSignOnCopy, RemoveHeadersOnCopy, ); }; };
		5D300EF12A3880A900CCD799 /* JazzCore.xcframework in Frameworks */ = {isa = PBXBuildFile; fileRef = 5D300C002A387A7400CCD799 /* JazzCore.xcframework */; };
		5D300EF22A3880A900CCD799 /* JazzCore.xcframework in Embed Frameworks */ = {isa = PBXBuildFile; fileRef = 5D300C002A387A7400CCD799 /* JazzCore.xcframework */; settings = {ATTRIBUTES = (CodeSignOnCopy, RemoveHeadersOnCopy, ); }; };
		5D300EF32A3880AD00CCD799 /* LibSberCast.xcframework in Frameworks */ = {isa = PBXBuildFile; fileRef = 5D300BF72A387A7100CCD799 /* LibSberCast.xcframework */; };
		5D300EF42A3880AE00CCD799 /* LibSberCast.xcframework in Embed Frameworks */ = {isa = PBXBuildFile; fileRef = 5D300BF72A387A7100CCD799 /* LibSberCast.xcframework */; settings = {ATTRIBUTES = (CodeSignOnCopy, RemoveHeadersOnCopy, ); }; };
		5D9D684A29AF598F00EEF1C0 /* AppDelegate.swift in Sources */ = {isa = PBXBuildFile; fileRef = 5D9D684929AF598F00EEF1C0 /* AppDelegate.swift */; };
		5D9D684C29AF598F00EEF1C0 /* SceneDelegate.swift in Sources */ = {isa = PBXBuildFile; fileRef = 5D9D684B29AF598F00EEF1C0 /* SceneDelegate.swift */; };
		5D9D685329AF599100EEF1C0 /* Assets.xcassets in Resources */ = {isa = PBXBuildFile; fileRef = 5D9D685229AF599100EEF1C0 /* Assets.xcassets */; };
		5D9D685629AF599100EEF1C0 /* LaunchScreen.storyboard in Resources */ = {isa = PBXBuildFile; fileRef = 5D9D685429AF599100EEF1C0 /* LaunchScreen.storyboard */; };
		5D9D688F29AF6C0100EEF1C0 /* DemoSettings.swift in Sources */ = {isa = PBXBuildFile; fileRef = 5D9D688E29AF6C0100EEF1C0 /* DemoSettings.swift */; };
		5D9D689129AF6C1500EEF1C0 /* DemoAppView.swift in Sources */ = {isa = PBXBuildFile; fileRef = 5D9D689029AF6C1500EEF1C0 /* DemoAppView.swift */; };
		5D9D689329AF6C3200EEF1C0 /* DemoTokenConfigurationProvider.swift in Sources */ = {isa = PBXBuildFile; fileRef = 5D9D689229AF6C3200EEF1C0 /* DemoTokenConfigurationProvider.swift */; };
/* End PBXBuildFile section */

/* Begin PBXCopyFilesBuildPhase section */
		5D300EF02A3880A500CCD799 /* Embed Frameworks */ = {
			isa = PBXCopyFilesBuildPhase;
			buildActionMask = 2147483647;
			dstPath = "";
			dstSubfolderSpec = 10;
			files = (
				5D300EEF2A3880A400CCD799 /* WebRTC.xcframework in Embed Frameworks */,
				5D300EF22A3880A900CCD799 /* JazzCore.xcframework in Embed Frameworks */,
				5D300EF42A3880AE00CCD799 /* LibSberCast.xcframework in Embed Frameworks */,
			);
			name = "Embed Frameworks";
			runOnlyForDeploymentPostprocessing = 0;
		};
/* End PBXCopyFilesBuildPhase section */

/* Begin PBXFileReference section */
		5D300BF12A387A6F00CCD799 /* JazzInternalSDK.xcframework */ = {isa = PBXFileReference; lastKnownFileType = wrapper.xcframework; name = JazzInternalSDK.xcframework; path = ../../Sources/JazzInternalSDK.xcframework; sourceTree = "<group>"; };
		5D300BF22A387A6F00CCD799 /* JazzServices.xcframework */ = {isa = PBXFileReference; lastKnownFileType = wrapper.xcframework; name = JazzServices.xcframework; path = ../../Sources/JazzServices.xcframework; sourceTree = "<group>"; };
		5D300BF32A387A6F00CCD799 /* WebRTC.xcframework */ = {isa = PBXFileReference; lastKnownFileType = wrapper.xcframework; name = WebRTC.xcframework; path = ../../Sources/WebRTC.xcframework; sourceTree = "<group>"; };
		5D300BF42A387A7000CCD799 /* JazzBase.xcframework */ = {isa = PBXFileReference; lastKnownFileType = wrapper.xcframework; name = JazzBase.xcframework; path = ../../Sources/JazzBase.xcframework; sourceTree = "<group>"; };
		5D300BF52A387A7000CCD799 /* Swing.xcframework */ = {isa = PBXFileReference; lastKnownFileType = wrapper.xcframework; name = Swing.xcframework; path = ../../Sources/Swing.xcframework; sourceTree = "<group>"; };
		5D300BF62A387A7000CCD799 /* SaluteDesignSystem.xcframework */ = {isa = PBXFileReference; lastKnownFileType = wrapper.xcframework; name = SaluteDesignSystem.xcframework; path = ../../Sources/SaluteDesignSystem.xcframework; sourceTree = "<group>"; };
		5D300BF72A387A7100CCD799 /* LibSberCast.xcframework */ = {isa = PBXFileReference; lastKnownFileType = wrapper.xcframework; name = LibSberCast.xcframework; path = ../../Sources/LibSberCast.xcframework; sourceTree = "<group>"; };
		5D300BF82A387A7100CCD799 /* JazzSDK.xcframework */ = {isa = PBXFileReference; lastKnownFileType = wrapper.xcframework; name = JazzSDK.xcframework; path = ../../Sources/JazzSDK.xcframework; sourceTree = "<group>"; };
		5D300BF92A387A7100CCD799 /* SDNavigation.xcframework */ = {isa = PBXFileReference; lastKnownFileType = wrapper.xcframework; name = SDNavigation.xcframework; path = ../../Sources/SDNavigation.xcframework; sourceTree = "<group>"; };
		5D300BFA2A387A7200CCD799 /* DevicesCore.xcframework */ = {isa = PBXFileReference; lastKnownFileType = wrapper.xcframework; name = DevicesCore.xcframework; path = ../../Sources/DevicesCore.xcframework; sourceTree = "<group>"; };
		5D300BFB2A387A7200CCD799 /* JazzAPI.xcframework */ = {isa = PBXFileReference; lastKnownFileType = wrapper.xcframework; name = JazzAPI.xcframework; path = ../../Sources/JazzAPI.xcframework; sourceTree = "<group>"; };
		5D300BFC2A387A7200CCD799 /* JazzScreenShareImpl.xcframework */ = {isa = PBXFileReference; lastKnownFileType = wrapper.xcframework; name = JazzScreenShareImpl.xcframework; path = ../../Sources/JazzScreenShareImpl.xcframework; sourceTree = "<group>"; };
		5D300BFD2A387A7300CCD799 /* CompanionCore.xcframework */ = {isa = PBXFileReference; lastKnownFileType = wrapper.xcframework; name = CompanionCore.xcframework; path = ../../Sources/CompanionCore.xcframework; sourceTree = "<group>"; };
		5D300BFE2A387A7300CCD799 /* JazzImpl.xcframework */ = {isa = PBXFileReference; lastKnownFileType = wrapper.xcframework; name = JazzImpl.xcframework; path = ../../Sources/JazzImpl.xcframework; sourceTree = "<group>"; };
		5D300BFF2A387A7300CCD799 /* JazzSDKScreenShare.xcframework */ = {isa = PBXFileReference; lastKnownFileType = wrapper.xcframework; name = JazzSDKScreenShare.xcframework; path = ../../Sources/JazzSDKScreenShare.xcframework; sourceTree = "<group>"; };
		5D300C002A387A7400CCD799 /* JazzCore.xcframework */ = {isa = PBXFileReference; lastKnownFileType = wrapper.xcframework; name = JazzCore.xcframework; path = ../../Sources/JazzCore.xcframework; sourceTree = "<group>"; };
		5D300C012A387A7400CCD799 /* DevicesDesignSystem.xcframework */ = {isa = PBXFileReference; lastKnownFileType = wrapper.xcframework; name = DevicesDesignSystem.xcframework; path = ../../Sources/DevicesDesignSystem.xcframework; sourceTree = "<group>"; };
		5D300C022A387A7400CCD799 /* DevicesUI.xcframework */ = {isa = PBXFileReference; lastKnownFileType = wrapper.xcframework; name = DevicesUI.xcframework; path = ../../Sources/DevicesUI.xcframework; sourceTree = "<group>"; };
		5D300C032A387A7500CCD799 /* JazzStrings.xcframework */ = {isa = PBXFileReference; lastKnownFileType = wrapper.xcframework; name = JazzStrings.xcframework; path = ../../Sources/JazzStrings.xcframework; sourceTree = "<group>"; };
		5D300C172A387A8D00CCD799 /* JazzResources.bundle */ = {isa = PBXFileReference; lastKnownFileType = "wrapper.plug-in"; name = JazzResources.bundle; path = ../../Sources/JazzImpl.xcframework/JazzResources.bundle; sourceTree = "<group>"; };
		5D300C192A387A9D00CCD799 /* DevicesDesignSystemResources.bundle */ = {isa = PBXFileReference; lastKnownFileType = "wrapper.plug-in"; name = DevicesDesignSystemResources.bundle; path = ../../Sources/DevicesDesignSystem.xcframework/DevicesDesignSystemResources.bundle; sourceTree = "<group>"; };
		5D9D684629AF598F00EEF1C0 /* JazzSDKDemoApp.app */ = {isa = PBXFileReference; explicitFileType = wrapper.application; includeInIndex = 0; path = JazzSDKDemoApp.app; sourceTree = BUILT_PRODUCTS_DIR; };
		5D9D684929AF598F00EEF1C0 /* AppDelegate.swift */ = {isa = PBXFileReference; lastKnownFileType = sourcecode.swift; path = AppDelegate.swift; sourceTree = "<group>"; };
		5D9D684B29AF598F00EEF1C0 /* SceneDelegate.swift */ = {isa = PBXFileReference; lastKnownFileType = sourcecode.swift; path = SceneDelegate.swift; sourceTree = "<group>"; };
		5D9D685229AF599100EEF1C0 /* Assets.xcassets */ = {isa = PBXFileReference; lastKnownFileType = folder.assetcatalog; path = Assets.xcassets; sourceTree = "<group>"; };
		5D9D685529AF599100EEF1C0 /* Base */ = {isa = PBXFileReference; lastKnownFileType = file.storyboard; name = Base; path = Base.lproj/LaunchScreen.storyboard; sourceTree = "<group>"; };
		5D9D685729AF599100EEF1C0 /* Info.plist */ = {isa = PBXFileReference; lastKnownFileType = text.plist.xml; path = Info.plist; sourceTree = "<group>"; };
		5D9D688E29AF6C0100EEF1C0 /* DemoSettings.swift */ = {isa = PBXFileReference; lastKnownFileType = sourcecode.swift; path = DemoSettings.swift; sourceTree = "<group>"; };
		5D9D689029AF6C1500EEF1C0 /* DemoAppView.swift */ = {isa = PBXFileReference; lastKnownFileType = sourcecode.swift; path = DemoAppView.swift; sourceTree = "<group>"; };
		5D9D689229AF6C3200EEF1C0 /* DemoTokenConfigurationProvider.swift */ = {isa = PBXFileReference; lastKnownFileType = sourcecode.swift; path = DemoTokenConfigurationProvider.swift; sourceTree = "<group>"; };
/* End PBXFileReference section */

/* Begin PBXFrameworksBuildPhase section */
		5D9D684329AF598F00EEF1C0 /* Frameworks */ = {
			isa = PBXFrameworksBuildPhase;
			buildActionMask = 2147483647;
			files = (
				5D300C0E2A387A7600CCD799 /* JazzAPI.xcframework in Frameworks */,
				5D300C0D2A387A7600CCD799 /* DevicesCore.xcframework in Frameworks */,
				5D300C162A387A7900CCD799 /* JazzStrings.xcframework in Frameworks */,
				5D300C092A387A7500CCD799 /* SaluteDesignSystem.xcframework in Frameworks */,
				5D300C142A387A7800CCD799 /* DevicesDesignSystem.xcframework in Frameworks */,
				5D300C052A387A7500CCD799 /* JazzServices.xcframework in Frameworks */,
				5D300EEE2A3880A300CCD799 /* WebRTC.xcframework in Frameworks */,
				5D300C0B2A387A7600CCD799 /* JazzSDK.xcframework in Frameworks */,
				5D300C112A387A7700CCD799 /* JazzImpl.xcframework in Frameworks */,
				5D300C122A387A7700CCD799 /* JazzSDKScreenShare.xcframework in Frameworks */,
				5D300C072A387A7500CCD799 /* JazzBase.xcframework in Frameworks */,
				5D300C152A387A7800CCD799 /* DevicesUI.xcframework in Frameworks */,
				5D300C0C2A387A7600CCD799 /* SDNavigation.xcframework in Frameworks */,
				5D300C0F2A387A7700CCD799 /* JazzScreenShareImpl.xcframework in Frameworks */,
				5D300EF32A3880AD00CCD799 /* LibSberCast.xcframework in Frameworks */,
				5D300EF12A3880A900CCD799 /* JazzCore.xcframework in Frameworks */,
				5D300C082A387A7500CCD799 /* Swing.xcframework in Frameworks */,
				5D300C102A387A7700CCD799 /* CompanionCore.xcframework in Frameworks */,
			);
			runOnlyForDeploymentPostprocessing = 0;
		};
/* End PBXFrameworksBuildPhase section */

/* Begin PBXGroup section */
		5D9D683D29AF598F00EEF1C0 = {
			isa = PBXGroup;
			children = (
				5D9D684829AF598F00EEF1C0 /* JazzSDKDemoApp */,
				5D9D684729AF598F00EEF1C0 /* Products */,
			);
			sourceTree = "<group>";
		};
		5D9D684729AF598F00EEF1C0 /* Products */ = {
			isa = PBXGroup;
			children = (
				5D9D684629AF598F00EEF1C0 /* JazzSDKDemoApp.app */,
			);
			name = Products;
			sourceTree = "<group>";
		};
		5D9D684829AF598F00EEF1C0 /* JazzSDKDemoApp */ = {
			isa = PBXGroup;
			children = (
				5D9D684929AF598F00EEF1C0 /* AppDelegate.swift */,
				5D9D684B29AF598F00EEF1C0 /* SceneDelegate.swift */,
				5D9D685229AF599100EEF1C0 /* Assets.xcassets */,
				5D9D685429AF599100EEF1C0 /* LaunchScreen.storyboard */,
				5D9D685729AF599100EEF1C0 /* Info.plist */,
				5D9D688E29AF6C0100EEF1C0 /* DemoSettings.swift */,
				5D9D689029AF6C1500EEF1C0 /* DemoAppView.swift */,
				5D9D689229AF6C3200EEF1C0 /* DemoTokenConfigurationProvider.swift */,
				5D300BFD2A387A7300CCD799 /* CompanionCore.xcframework */,
				5D300BFA2A387A7200CCD799 /* DevicesCore.xcframework */,
				5D300C012A387A7400CCD799 /* DevicesDesignSystem.xcframework */,
				5D300C172A387A8D00CCD799 /* JazzResources.bundle */,
				5D300C022A387A7400CCD799 /* DevicesUI.xcframework */,
				5D300BFB2A387A7200CCD799 /* JazzAPI.xcframework */,
				5D300BF42A387A7000CCD799 /* JazzBase.xcframework */,
				5D300C002A387A7400CCD799 /* JazzCore.xcframework */,
				5D300BFE2A387A7300CCD799 /* JazzImpl.xcframework */,
				5D300BF12A387A6F00CCD799 /* JazzInternalSDK.xcframework */,
				5D300C192A387A9D00CCD799 /* DevicesDesignSystemResources.bundle */,
				5D300BFC2A387A7200CCD799 /* JazzScreenShareImpl.xcframework */,
				5D300BF82A387A7100CCD799 /* JazzSDK.xcframework */,
				5D300BFF2A387A7300CCD799 /* JazzSDKScreenShare.xcframework */,
				5D300BF22A387A6F00CCD799 /* JazzServices.xcframework */,
				5D300C032A387A7500CCD799 /* JazzStrings.xcframework */,
				5D300BF72A387A7100CCD799 /* LibSberCast.xcframework */,
				5D300BF62A387A7000CCD799 /* SaluteDesignSystem.xcframework */,
				5D300BF92A387A7100CCD799 /* SDNavigation.xcframework */,
				5D300BF52A387A7000CCD799 /* Swing.xcframework */,
				5D300BF32A387A6F00CCD799 /* WebRTC.xcframework */,
			);
			path = JazzSDKDemoApp;
			sourceTree = "<group>";
		};
/* End PBXGroup section */

/* Begin PBXNativeTarget section */
		5D9D684529AF598F00EEF1C0 /* JazzSDKDemoApp */ = {
			isa = PBXNativeTarget;
			buildConfigurationList = 5D9D685A29AF599100EEF1C0 /* Build configuration list for PBXNativeTarget "JazzSDKDemoApp" */;
			buildPhases = (
				5D9D684229AF598F00EEF1C0 /* Sources */,
				5D9D684329AF598F00EEF1C0 /* Frameworks */,
				5D9D684429AF598F00EEF1C0 /* Resources */,
				5D300EF02A3880A500CCD799 /* Embed Frameworks */,
			);
			buildRules = (
			);
			dependencies = (
			);
			name = JazzSDKDemoApp;
			productName = JazzSDKDemoApp;
			productReference = 5D9D684629AF598F00EEF1C0 /* JazzSDKDemoApp.app */;
			productType = "com.apple.product-type.application";
		};
/* End PBXNativeTarget section */

/* Begin PBXProject section */
		5D9D683E29AF598F00EEF1C0 /* Project object */ = {
			isa = PBXProject;
			attributes = {
				BuildIndependentTargetsInParallel = 1;
				LastSwiftUpdateCheck = 1410;
				LastUpgradeCheck = 1410;
				TargetAttributes = {
					5D9D684529AF598F00EEF1C0 = {
						CreatedOnToolsVersion = 14.1;
					};
				};
			};
			buildConfigurationList = 5D9D684129AF598F00EEF1C0 /* Build configuration list for PBXProject "JazzSDKDemoApp" */;
			compatibilityVersion = "Xcode 14.0";
			developmentRegion = en;
			hasScannedForEncodings = 0;
			knownRegions = (
				en,
				Base,
			);
			mainGroup = 5D9D683D29AF598F00EEF1C0;
			productRefGroup = 5D9D684729AF598F00EEF1C0 /* Products */;
			projectDirPath = "";
			projectRoot = "";
			targets = (
				5D9D684529AF598F00EEF1C0 /* JazzSDKDemoApp */,
			);
		};
/* End PBXProject section */

/* Begin PBXResourcesBuildPhase section */
		5D9D684429AF598F00EEF1C0 /* Resources */ = {
			isa = PBXResourcesBuildPhase;
			buildActionMask = 2147483647;
			files = (
				5D300C1A2A387A9D00CCD799 /* DevicesDesignSystemResources.bundle in Resources */,
				5D9D685629AF599100EEF1C0 /* LaunchScreen.storyboard in Resources */,
				5D300C182A387A8D00CCD799 /* JazzResources.bundle in Resources */,
				5D9D685329AF599100EEF1C0 /* Assets.xcassets in Resources */,
			);
			runOnlyForDeploymentPostprocessing = 0;
		};
/* End PBXResourcesBuildPhase section */

/* Begin PBXSourcesBuildPhase section */
		5D9D684229AF598F00EEF1C0 /* Sources */ = {
			isa = PBXSourcesBuildPhase;
			buildActionMask = 2147483647;
			files = (
				5D9D689329AF6C3200EEF1C0 /* DemoTokenConfigurationProvider.swift in Sources */,
				5D9D689129AF6C1500EEF1C0 /* DemoAppView.swift in Sources */,
				5D9D684A29AF598F00EEF1C0 /* AppDelegate.swift in Sources */,
				5D9D684C29AF598F00EEF1C0 /* SceneDelegate.swift in Sources */,
				5D9D688F29AF6C0100EEF1C0 /* DemoSettings.swift in Sources */,
			);
			runOnlyForDeploymentPostprocessing = 0;
		};
/* End PBXSourcesBuildPhase section */

/* Begin PBXVariantGroup section */
		5D9D685429AF599100EEF1C0 /* LaunchScreen.storyboard */ = {
			isa = PBXVariantGroup;
			children = (
				5D9D685529AF599100EEF1C0 /* Base */,
			);
			name = LaunchScreen.storyboard;
			sourceTree = "<group>";
		};
/* End PBXVariantGroup section */

/* Begin XCBuildConfiguration section */
		5D9D685829AF599100EEF1C0 /* Debug */ = {
			isa = XCBuildConfiguration;
			buildSettings = {
				ALWAYS_SEARCH_USER_PATHS = NO;
				CLANG_ANALYZER_NONNULL = YES;
				CLANG_ANALYZER_NUMBER_OBJECT_CONVERSION = YES_AGGRESSIVE;
				CLANG_CXX_LANGUAGE_STANDARD = "gnu++20";
				CLANG_ENABLE_MODULES = YES;
				CLANG_ENABLE_OBJC_ARC = YES;
				CLANG_ENABLE_OBJC_WEAK = YES;
				CLANG_WARN_BLOCK_CAPTURE_AUTORELEASING = YES;
				CLANG_WARN_BOOL_CONVERSION = YES;
				CLANG_WARN_COMMA = YES;
				CLANG_WARN_CONSTANT_CONVERSION = YES;
				CLANG_WARN_DEPRECATED_OBJC_IMPLEMENTATIONS = YES;
				CLANG_WARN_DIRECT_OBJC_ISA_USAGE = YES_ERROR;
				CLANG_WARN_DOCUMENTATION_COMMENTS = YES;
				CLANG_WARN_EMPTY_BODY = YES;
				CLANG_WARN_ENUM_CONVERSION = YES;
				CLANG_WARN_INFINITE_RECURSION = YES;
				CLANG_WARN_INT_CONVERSION = YES;
				CLANG_WARN_NON_LITERAL_NULL_CONVERSION = YES;
				CLANG_WARN_OBJC_IMPLICIT_RETAIN_SELF = YES;
				CLANG_WARN_OBJC_LITERAL_CONVERSION = YES;
				CLANG_WARN_OBJC_ROOT_CLASS = YES_ERROR;
				CLANG_WARN_QUOTED_INCLUDE_IN_FRAMEWORK_HEADER = YES;
				CLANG_WARN_RANGE_LOOP_ANALYSIS = YES;
				CLANG_WARN_STRICT_PROTOTYPES = YES;
				CLANG_WARN_SUSPICIOUS_MOVE = YES;
				CLANG_WARN_UNGUARDED_AVAILABILITY = YES_AGGRESSIVE;
				CLANG_WARN_UNREACHABLE_CODE = YES;
				CLANG_WARN__DUPLICATE_METHOD_MATCH = YES;
				COPY_PHASE_STRIP = NO;
				DEBUG_INFORMATION_FORMAT = dwarf;
				ENABLE_STRICT_OBJC_MSGSEND = YES;
				ENABLE_TESTABILITY = YES;
				GCC_C_LANGUAGE_STANDARD = gnu11;
				GCC_DYNAMIC_NO_PIC = NO;
				GCC_NO_COMMON_BLOCKS = YES;
				GCC_OPTIMIZATION_LEVEL = 0;
				GCC_PREPROCESSOR_DEFINITIONS = (
					"DEBUG=1",
					"$(inherited)",
				);
				GCC_WARN_64_TO_32_BIT_CONVERSION = YES;
				GCC_WARN_ABOUT_RETURN_TYPE = YES_ERROR;
				GCC_WARN_UNDECLARED_SELECTOR = YES;
				GCC_WARN_UNINITIALIZED_AUTOS = YES_AGGRESSIVE;
				GCC_WARN_UNUSED_FUNCTION = YES;
				GCC_WARN_UNUSED_VARIABLE = YES;
				IPHONEOS_DEPLOYMENT_TARGET = 16.1;
				MTL_ENABLE_DEBUG_INFO = INCLUDE_SOURCE;
				MTL_FAST_MATH = YES;
				ONLY_ACTIVE_ARCH = YES;
				SDKROOT = iphoneos;
				SWIFT_ACTIVE_COMPILATION_CONDITIONS = DEBUG;
				SWIFT_OPTIMIZATION_LEVEL = "-Onone";
			};
			name = Debug;
		};
		5D9D685929AF599100EEF1C0 /* Release */ = {
			isa = XCBuildConfiguration;
			buildSettings = {
				ALWAYS_SEARCH_USER_PATHS = NO;
				CLANG_ANALYZER_NONNULL = YES;
				CLANG_ANALYZER_NUMBER_OBJECT_CONVERSION = YES_AGGRESSIVE;
				CLANG_CXX_LANGUAGE_STANDARD = "gnu++20";
				CLANG_ENABLE_MODULES = YES;
				CLANG_ENABLE_OBJC_ARC = YES;
				CLANG_ENABLE_OBJC_WEAK = YES;
				CLANG_WARN_BLOCK_CAPTURE_AUTORELEASING = YES;
				CLANG_WARN_BOOL_CONVERSION = YES;
				CLANG_WARN_COMMA = YES;
				CLANG_WARN_CONSTANT_CONVERSION = YES;
				CLANG_WARN_DEPRECATED_OBJC_IMPLEMENTATIONS = YES;
				CLANG_WARN_DIRECT_OBJC_ISA_USAGE = YES_ERROR;
				CLANG_WARN_DOCUMENTATION_COMMENTS = YES;
				CLANG_WARN_EMPTY_BODY = YES;
				CLANG_WARN_ENUM_CONVERSION = YES;
				CLANG_WARN_INFINITE_RECURSION = YES;
				CLANG_WARN_INT_CONVERSION = YES;
				CLANG_WARN_NON_LITERAL_NULL_CONVERSION = YES;
				CLANG_WARN_OBJC_IMPLICIT_RETAIN_SELF = YES;
				CLANG_WARN_OBJC_LITERAL_CONVERSION = YES;
				CLANG_WARN_OBJC_ROOT_CLASS = YES_ERROR;
				CLANG_WARN_QUOTED_INCLUDE_IN_FRAMEWORK_HEADER = YES;
				CLANG_WARN_RANGE_LOOP_ANALYSIS = YES;
				CLANG_WARN_STRICT_PROTOTYPES = YES;
				CLANG_WARN_SUSPICIOUS_MOVE = YES;
				CLANG_WARN_UNGUARDED_AVAILABILITY = YES_AGGRESSIVE;
				CLANG_WARN_UNREACHABLE_CODE = YES;
				CLANG_WARN__DUPLICATE_METHOD_MATCH = YES;
				COPY_PHASE_STRIP = NO;
				DEBUG_INFORMATION_FORMAT = "dwarf-with-dsym";
				ENABLE_NS_ASSERTIONS = NO;
				ENABLE_STRICT_OBJC_MSGSEND = YES;
				GCC_C_LANGUAGE_STANDARD = gnu11;
				GCC_NO_COMMON_BLOCKS = YES;
				GCC_WARN_64_TO_32_BIT_CONVERSION = YES;
				GCC_WARN_ABOUT_RETURN_TYPE = YES_ERROR;
				GCC_WARN_UNDECLARED_SELECTOR = YES;
				GCC_WARN_UNINITIALIZED_AUTOS = YES_AGGRESSIVE;
				GCC_WARN_UNUSED_FUNCTION = YES;
				GCC_WARN_UNUSED_VARIABLE = YES;
				IPHONEOS_DEPLOYMENT_TARGET = 16.1;
				MTL_ENABLE_DEBUG_INFO = NO;
				MTL_FAST_MATH = YES;
				SDKROOT = iphoneos;
				SWIFT_COMPILATION_MODE = wholemodule;
				SWIFT_OPTIMIZATION_LEVEL = "-O";
				VALIDATE_PRODUCT = YES;
			};
			name = Release;
		};
		5D9D685B29AF599100EEF1C0 /* Debug */ = {
			isa = XCBuildConfiguration;
			buildSettings = {
				ASSETCATALOG_COMPILER_APPICON_NAME = AppIcon;
				ASSETCATALOG_COMPILER_GLOBAL_ACCENT_COLOR_NAME = AccentColor;
				CODE_SIGN_STYLE = Automatic;
				CURRENT_PROJECT_VERSION = 1;
				GENERATE_INFOPLIST_FILE = YES;
				INFOPLIST_FILE = JazzSDKDemoApp/Info.plist;
				INFOPLIST_KEY_UIApplicationSupportsIndirectInputEvents = YES;
				INFOPLIST_KEY_UILaunchStoryboardName = LaunchScreen;
				INFOPLIST_KEY_UISupportedInterfaceOrientations_iPad = "UIInterfaceOrientationPortrait UIInterfaceOrientationPortraitUpsideDown UIInterfaceOrientationLandscapeLeft UIInterfaceOrientationLandscapeRight";
				INFOPLIST_KEY_UISupportedInterfaceOrientations_iPhone = "UIInterfaceOrientationPortrait UIInterfaceOrientationLandscapeLeft UIInterfaceOrientationLandscapeRight";
				LD_RUNPATH_SEARCH_PATHS = (
					"$(inherited)",
					"@executable_path/Frameworks",
				);
				MARKETING_VERSION = 1.0;
				PRODUCT_BUNDLE_IDENTIFIER = Sberbank.JazzSDKDemoApp;
				PRODUCT_NAME = "$(TARGET_NAME)";
				SWIFT_EMIT_LOC_STRINGS = YES;
				SWIFT_VERSION = 5.0;
				TARGETED_DEVICE_FAMILY = "1,2";
			};
			name = Debug;
		};
		5D9D685C29AF599100EEF1C0 /* Release */ = {
			isa = XCBuildConfiguration;
			buildSettings = {
				ASSETCATALOG_COMPILER_APPICON_NAME = AppIcon;
				ASSETCATALOG_COMPILER_GLOBAL_ACCENT_COLOR_NAME = AccentColor;
				CODE_SIGN_STYLE = Automatic;
				CURRENT_PROJECT_VERSION = 1;
				GENERATE_INFOPLIST_FILE = YES;
				INFOPLIST_FILE = JazzSDKDemoApp/Info.plist;
				INFOPLIST_KEY_UIApplicationSupportsIndirectInputEvents = YES;
				INFOPLIST_KEY_UILaunchStoryboardName = LaunchScreen;
				INFOPLIST_KEY_UISupportedInterfaceOrientations_iPad = "UIInterfaceOrientationPortrait UIInterfaceOrientationPortraitUpsideDown UIInterfaceOrientationLandscapeLeft UIInterfaceOrientationLandscapeRight";
				INFOPLIST_KEY_UISupportedInterfaceOrientations_iPhone = "UIInterfaceOrientationPortrait UIInterfaceOrientationLandscapeLeft UIInterfaceOrientationLandscapeRight";
				LD_RUNPATH_SEARCH_PATHS = (
					"$(inherited)",
					"@executable_path/Frameworks",
				);
				MARKETING_VERSION = 1.0;
				PRODUCT_BUNDLE_IDENTIFIER = Sberbank.JazzSDKDemoApp;
				PRODUCT_NAME = "$(TARGET_NAME)";
				SWIFT_EMIT_LOC_STRINGS = YES;
				SWIFT_VERSION = 5.0;
				TARGETED_DEVICE_FAMILY = "1,2";
			};
			name = Release;
		};
/* End XCBuildConfiguration section */

/* Begin XCConfigurationList section */
		5D9D684129AF598F00EEF1C0 /* Build configuration list for PBXProject "JazzSDKDemoApp" */ = {
			isa = XCConfigurationList;
			buildConfigurations = (
				5D9D685829AF599100EEF1C0 /* Debug */,
				5D9D685929AF599100EEF1C0 /* Release */,
			);
			defaultConfigurationIsVisible = 0;
			defaultConfigurationName = Release;
		};
		5D9D685A29AF599100EEF1C0 /* Build configuration list for PBXNativeTarget "JazzSDKDemoApp" */ = {
			isa = XCConfigurationList;
			buildConfigurations = (
				5D9D685B29AF599100EEF1C0 /* Debug */,
				5D9D685C29AF599100EEF1C0 /* Release */,
			);
			defaultConfigurationIsVisible = 0;
			defaultConfigurationName = Release;
		};
/* End XCConfigurationList section */
	};
	rootObject = 5D9D683E29AF598F00EEF1C0 /* Project object */;
}
